schema: '2.0'
stages:
  data_preparation:
    cmd: python src/datasets.py
    deps:
    - path: src/datasets.py
      hash: md5
      md5: 29fd45fc28dd449628b4ccf5437a0322
      size: 1093
    params:
      params.yaml:
        project: footballcam-u6ck2
        version: 4
        workspace: pineapplesizing
    outs:
    - path: ./data
      hash: md5
      md5: 173179f3088676140e41aee5ed8df6e2.dir
      size: 3290079
      nfiles: 93
  semi_supervise:
    cmd: python src/semi_supervision.py
    deps:
    - path: ./data
      hash: md5
      md5: 824ed907c9a3d9d09f44db00b96e8770.dir
      size: 3316332
      nfiles: 95
    - path: src/semi_supervision.py
      hash: md5
      md5: 22acb44ef9f2d851f0528480e9f1287c
      size: 1614
    params:
      params.yaml:
        project: footballcam-u6ck2
        version: 4
        workspace: pineapplesizing
    outs:
    - path: runs
      hash: md5
      md5: 2a0f3fbcc8a99a37eec5f50ccedd5092.dir
      size: 94732718
      nfiles: 24
