schema: '2.0'
stages:
  data_preparation:
    cmd: python src/datasets.py
    deps:
    - path: src/datasets.py
      hash: md5
      md5: 4ca58451383fa81af64cc9b243198c5d
      size: 1285
    params:
      params.yaml:
        project: footfallcamp
        version: 9
        workspace: demo-tym7c
    outs:
    - path: ./data
      hash: md5
      md5: 4201c140988c6c7a25adf57f0b108c89.dir
      size: 7247772
      nfiles: 201
  semi_supervise:
    cmd: python src/semi_supervision.py
    deps:
    - path: ./data
      hash: md5
      md5: 6da9d00c2fa7c6d421f77c9f023f234e.dir
      size: 7269904
      nfiles: 203
    - path: src/semi_supervision.py
      hash: md5
      md5: 12a2d676dd858f0ecdd1bc7fd38fccb7
      size: 2038
    params:
      params.yaml:
        project: footfallcamp
        version: 9
        workspace: demo-tym7c
    outs:
    - path: runs
      hash: md5
      md5: 0be984b328af53da1f3690eed46facab.dir
      size: 94739260
      nfiles: 24
