schema: '2.0'
stages:
  data_preparation:
    cmd: python src/datasets.py
    deps:
    - path: src/datasets.py
      hash: md5
      md5: 29fd45fc28dd449628b4ccf5437a0322
      size: 1093
    params:
      params.yaml:
        project: footballcam-u6ck2
        version: 5
        workspace: pineapplesizing
    outs:
    - path: ./data
      hash: md5
      md5: 193486abcfa249e3ae6b5aeea4d127fe.dir
      size: 4780830
      nfiles: 133
  semi_supervise:
    cmd: python src/semi_supervision.py
    deps:
    - path: ./data
      hash: md5
      md5: 6383c2563d053a1e883de10225eb433e.dir
      size: 4817244
      nfiles: 135
    - path: src/semi_supervision.py
      hash: md5
      md5: 3f9d798be715e7f258be9a85b6bd6523
      size: 2038
    params:
      params.yaml:
        project: footballcam-u6ck2
        version: 5
        workspace: pineapplesizing
    outs:
    - path: runs
      hash: md5
      md5: 839c5b6a1566972ad44fc844badcea6d.dir
      size: 95169308
      nfiles: 24
